// !$*UTF8*$!
{
	archiveVersion = 1;
	classes = {
	};
	objectVersion = 48;
	objects = {

/* Begin PBXBuildFile section */
		605EB42C1FB7379600E38967 /* AppDelegate.swift in Sources */ = {isa = PBXBuildFile; fileRef = 605EB42B1FB7379600E38967 /* AppDelegate.swift */; };
		605EB42E1FB7379600E38967 /* ViewController.swift in Sources */ = {isa = PBXBuildFile; fileRef = 605EB42D1FB7379600E38967 /* ViewController.swift */; };
		605EB4311FB7379600E38967 /* Main.storyboard in Resources */ = {isa = PBXBuildFile; fileRef = 605EB42F1FB7379600E38967 /* Main.storyboard */; };
		605EB4331FB7379600E38967 /* Assets.xcassets in Resources */ = {isa = PBXBuildFile; fileRef = 605EB4321FB7379600E38967 /* Assets.xcassets */; };
		605EB4361FB7379600E38967 /* LaunchScreen.storyboard in Resources */ = {isa = PBXBuildFile; fileRef = 605EB4341FB7379600E38967 /* LaunchScreen.storyboard */; };
		60C63DE21FB7ED48005E81FA /* GradientView.swift in Sources */ = {isa = PBXBuildFile; fileRef = 60C63DE11FB7ED48005E81FA /* GradientView.swift */; };
		60C63DE41FB8207F005E81FA /* RoundImageView.swift in Sources */ = {isa = PBXBuildFile; fileRef = 60C63DE31FB8207F005E81FA /* RoundImageView.swift */; };
		95F0C5B4244EC350CB8095B5 /* Pods_HitchHkr.framework in Frameworks */ = {isa = PBXBuildFile; fileRef = 32E6E0FF55420A10693DB353 /* Pods_HitchHkr.framework */; };
/* End PBXBuildFile section */

/* Begin PBXFileReference section */
		2F80E1D6F6623FD066592995 /* Pods-HitchHkr.release.xcconfig */ = {isa = PBXFileReference; includeInIndex = 1; lastKnownFileType = text.xcconfig; name = "Pods-HitchHkr.release.xcconfig"; path = "Pods/Target Support Files/Pods-HitchHkr/Pods-HitchHkr.release.xcconfig"; sourceTree = "<group>"; };
		32E6E0FF55420A10693DB353 /* Pods_HitchHkr.framework */ = {isa = PBXFileReference; explicitFileType = wrapper.framework; includeInIndex = 0; path = Pods_HitchHkr.framework; sourceTree = BUILT_PRODUCTS_DIR; };
		605EB4281FB7379600E38967 /* HitchHkr.app */ = {isa = PBXFileReference; explicitFileType = wrapper.application; includeInIndex = 0; path = HitchHkr.app; sourceTree = BUILT_PRODUCTS_DIR; };
		605EB42B1FB7379600E38967 /* AppDelegate.swift */ = {isa = PBXFileReference; lastKnownFileType = sourcecode.swift; path = AppDelegate.swift; sourceTree = "<group>"; };
		605EB42D1FB7379600E38967 /* ViewController.swift */ = {isa = PBXFileReference; lastKnownFileType = sourcecode.swift; path = ViewController.swift; sourceTree = "<group>"; };
		605EB4301FB7379600E38967 /* Base */ = {isa = PBXFileReference; lastKnownFileType = file.storyboard; name = Base; path = Base.lproj/Main.storyboard; sourceTree = "<group>"; };
		605EB4321FB7379600E38967 /* Assets.xcassets */ = {isa = PBXFileReference; lastKnownFileType = folder.assetcatalog; path = Assets.xcassets; sourceTree = "<group>"; };
		605EB4351FB7379600E38967 /* Base */ = {isa = PBXFileReference; lastKnownFileType = file.storyboard; name = Base; path = Base.lproj/LaunchScreen.storyboard; sourceTree = "<group>"; };
		605EB4371FB7379600E38967 /* Info.plist */ = {isa = PBXFileReference; lastKnownFileType = text.plist.xml; path = Info.plist; sourceTree = "<group>"; };
		60C63DE11FB7ED48005E81FA /* GradientView.swift */ = {isa = PBXFileReference; lastKnownFileType = sourcecode.swift; path = GradientView.swift; sourceTree = "<group>"; };
		60C63DE31FB8207F005E81FA /* RoundImageView.swift */ = {isa = PBXFileReference; lastKnownFileType = sourcecode.swift; path = RoundImageView.swift; sourceTree = "<group>"; };
		AF34C25F25CD748A180A5963 /* Pods-HitchHkr.debug.xcconfig */ = {isa = PBXFileReference; includeInIndex = 1; lastKnownFileType = text.xcconfig; name = "Pods-HitchHkr.debug.xcconfig"; path = "Pods/Target Support Files/Pods-HitchHkr/Pods-HitchHkr.debug.xcconfig"; sourceTree = "<group>"; };
/* End PBXFileReference section */

/* Begin PBXFrameworksBuildPhase section */
		605EB4251FB7379600E38967 /* Frameworks */ = {
			isa = PBXFrameworksBuildPhase;
			buildActionMask = 2147483647;
			files = (
				95F0C5B4244EC350CB8095B5 /* Pods_HitchHkr.framework in Frameworks */,
			);
			runOnlyForDeploymentPostprocessing = 0;
		};
/* End PBXFrameworksBuildPhase section */

/* Begin PBXGroup section */
		5EB16EFF01DD08BCDFF0D32C /* Frameworks */ = {
			isa = PBXGroup;
			children = (
				32E6E0FF55420A10693DB353 /* Pods_HitchHkr.framework */,
			);
			name = Frameworks;
			sourceTree = "<group>";
		};
		605EB41F1FB7379600E38967 = {
			isa = PBXGroup;
			children = (
				605EB42A1FB7379600E38967 /* HitchHkr */,
				605EB4291FB7379600E38967 /* Products */,
				66DDA6163027E5607C8BFCD1 /* Pods */,
				5EB16EFF01DD08BCDFF0D32C /* Frameworks */,
			);
			sourceTree = "<group>";
		};
		605EB4291FB7379600E38967 /* Products */ = {
			isa = PBXGroup;
			children = (
				605EB4281FB7379600E38967 /* HitchHkr.app */,
			);
			name = Products;
			sourceTree = "<group>";
		};
		605EB42A1FB7379600E38967 /* HitchHkr */ = {
			isa = PBXGroup;
			children = (
				60C63DE01FB7ED07005E81FA /* Model */,
				60C63DDF1FB7ED00005E81FA /* View */,
				60C63DDE1FB7ECF3005E81FA /* Controller */,
				605EB42B1FB7379600E38967 /* AppDelegate.swift */,
				605EB42D1FB7379600E38967 /* ViewController.swift */,
				605EB42F1FB7379600E38967 /* Main.storyboard */,
				605EB4321FB7379600E38967 /* Assets.xcassets */,
				605EB4341FB7379600E38967 /* LaunchScreen.storyboard */,
				605EB4371FB7379600E38967 /* Info.plist */,
			);
			path = HitchHkr;
			sourceTree = "<group>";
		};
		60C63DDE1FB7ECF3005E81FA /* Controller */ = {
			isa = PBXGroup;
			children = (
			);
			path = Controller;
			sourceTree = "<group>";
		};
		60C63DDF1FB7ED00005E81FA /* View */ = {
			isa = PBXGroup;
			children = (
				60C63DE11FB7ED48005E81FA /* GradientView.swift */,
				60C63DE31FB8207F005E81FA /* RoundImageView.swift */,
			);
			path = View;
			sourceTree = "<group>";
		};
		60C63DE01FB7ED07005E81FA /* Model */ = {
			isa = PBXGroup;
			children = (
			);
			path = Model;
			sourceTree = "<group>";
		};
		66DDA6163027E5607C8BFCD1 /* Pods */ = {
			isa = PBXGroup;
			children = (
				AF34C25F25CD748A180A5963 /* Pods-HitchHkr.debug.xcconfig */,
				2F80E1D6F6623FD066592995 /* Pods-HitchHkr.release.xcconfig */,
			);
			name = Pods;
			sourceTree = "<group>";
		};
/* End PBXGroup section */

/* Begin PBXNativeTarget section */
		605EB4271FB7379600E38967 /* HitchHkr */ = {
			isa = PBXNativeTarget;
			buildConfigurationList = 605EB43A1FB7379600E38967 /* Build configuration list for PBXNativeTarget "HitchHkr" */;
			buildPhases = (
				839C6A1725108598704A6844 /* [CP] Check Pods Manifest.lock */,
				605EB4241FB7379600E38967 /* Sources */,
				605EB4251FB7379600E38967 /* Frameworks */,
				605EB4261FB7379600E38967 /* Resources */,
				673E10BAAD3E1E2BFC01A2B1 /* [CP] Embed Pods Frameworks */,
				548C2FDE5380B1D2097EE7B2 /* [CP] Copy Pods Resources */,
			);
			buildRules = (
			);
			dependencies = (
			);
			name = HitchHkr;
			productName = HitchHkr;
			productReference = 605EB4281FB7379600E38967 /* HitchHkr.app */;
			productType = "com.apple.product-type.application";
		};
/* End PBXNativeTarget section */

/* Begin PBXProject section */
		605EB4201FB7379600E38967 /* Project object */ = {
			isa = PBXProject;
			attributes = {
				LastSwiftUpdateCheck = 0910;
				LastUpgradeCheck = 0910;
				ORGANIZATIONNAME = chihiroshima;
				TargetAttributes = {
					605EB4271FB7379600E38967 = {
						CreatedOnToolsVersion = 9.1;
						ProvisioningStyle = Automatic;
					};
				};
			};
			buildConfigurationList = 605EB4231FB7379600E38967 /* Build configuration list for PBXProject "HitchHkr" */;
			compatibilityVersion = "Xcode 8.0";
			developmentRegion = en;
			hasScannedForEncodings = 0;
			knownRegions = (
				en,
				Base,
			);
			mainGroup = 605EB41F1FB7379600E38967;
			productRefGroup = 605EB4291FB7379600E38967 /* Products */;
			projectDirPath = "";
			projectRoot = "";
			targets = (
				605EB4271FB7379600E38967 /* HitchHkr */,
			);
		};
/* End PBXProject section */

/* Begin PBXResourcesBuildPhase section */
		605EB4261FB7379600E38967 /* Resources */ = {
			isa = PBXResourcesBuildPhase;
			buildActionMask = 2147483647;
			files = (
				605EB4361FB7379600E38967 /* LaunchScreen.storyboard in Resources */,
				605EB4331FB7379600E38967 /* Assets.xcassets in Resources */,
				605EB4311FB7379600E38967 /* Main.storyboard in Resources */,
			);
			runOnlyForDeploymentPostprocessing = 0;
		};
/* End PBXResourcesBuildPhase section */

/* Begin PBXShellScriptBuildPhase section */
		548C2FDE5380B1D2097EE7B2 /* [CP] Copy Pods Resources */ = {
			isa = PBXShellScriptBuildPhase;
			buildActionMask = 2147483647;
			files = (
			);
			inputPaths = (
			);
			name = "[CP] Copy Pods Resources";
			outputPaths = (
			);
			runOnlyForDeploymentPostprocessing = 0;
			shellPath = /bin/sh;
			shellScript = "\"${SRCROOT}/Pods/Target Support Files/Pods-HitchHkr/Pods-HitchHkr-resources.sh\"\n";
			showEnvVarsInLog = 0;
		};
		673E10BAAD3E1E2BFC01A2B1 /* [CP] Embed Pods Frameworks */ = {
			isa = PBXShellScriptBuildPhase;
			buildActionMask = 2147483647;
			files = (
			);
			inputPaths = (
			);
			name = "[CP] Embed Pods Frameworks";
			outputPaths = (
			);
			runOnlyForDeploymentPostprocessing = 0;
			shellPath = /bin/sh;
			shellScript = "\"${SRCROOT}/Pods/Target Support Files/Pods-HitchHkr/Pods-HitchHkr-frameworks.sh\"\n";
			showEnvVarsInLog = 0;
		};
		839C6A1725108598704A6844 /* [CP] Check Pods Manifest.lock */ = {
			isa = PBXShellScriptBuildPhase;
			buildActionMask = 2147483647;
			files = (
			);
			inputPaths = (
			);
			name = "[CP] Check Pods Manifest.lock";
			outputPaths = (
			);
			runOnlyForDeploymentPostprocessing = 0;
			shellPath = /bin/sh;
			shellScript = "diff \"${PODS_PODFILE_DIR_PATH}/Podfile.lock\" \"${PODS_ROOT}/Manifest.lock\" > /dev/null\nif [ $? != 0 ] ; then\n    # print error to STDERR\n    echo \"error: The sandbox is not in sync with the Podfile.lock. Run 'pod install' or update your CocoaPods installation.\" >&2\n    exit 1\nfi\n";
			showEnvVarsInLog = 0;
		};
/* End PBXShellScriptBuildPhase section */

/* Begin PBXSourcesBuildPhase section */
		605EB4241FB7379600E38967 /* Sources */ = {
			isa = PBXSourcesBuildPhase;
			buildActionMask = 2147483647;
			files = (
				605EB42E1FB7379600E38967 /* ViewController.swift in Sources */,
				60C63DE41FB8207F005E81FA /* RoundImageView.swift in Sources */,
				605EB42C1FB7379600E38967 /* AppDelegate.swift in Sources */,
				60C63DE21FB7ED48005E81FA /* GradientView.swift in Sources */,
			);
			runOnlyForDeploymentPostprocessing = 0;
		};
/* End PBXSourcesBuildPhase section */

/* Begin PBXVariantGroup section */
		605EB42F1FB7379600E38967 /* Main.storyboard */ = {
			isa = PBXVariantGroup;
			children = (
				605EB4301FB7379600E38967 /* Base */,
			);
			name = Main.storyboard;
			sourceTree = "<group>";
		};
		605EB4341FB7379600E38967 /* LaunchScreen.storyboard */ = {
			isa = PBXVariantGroup;
			children = (
				605EB4351FB7379600E38967 /* Base */,
			);
			name = LaunchScreen.storyboard;
			sourceTree = "<group>";
		};
/* End PBXVariantGroup section */

/* Begin XCBuildConfiguration section */
		605EB4381FB7379600E38967 /* Debug */ = {
			isa = XCBuildConfiguration;
			buildSettings = {
				ALWAYS_SEARCH_USER_PATHS = NO;
				CLANG_ANALYZER_NONNULL = YES;
				CLANG_ANALYZER_NUMBER_OBJECT_CONVERSION = YES_AGGRESSIVE;
				CLANG_CXX_LANGUAGE_STANDARD = "gnu++14";
				CLANG_CXX_LIBRARY = "libc++";
				CLANG_ENABLE_MODULES = YES;
				CLANG_ENABLE_OBJC_ARC = YES;
				CLANG_WARN_BLOCK_CAPTURE_AUTORELEASING = YES;
				CLANG_WARN_BOOL_CONVERSION = YES;
				CLANG_WARN_COMMA = YES;
				CLANG_WARN_CONSTANT_CONVERSION = YES;
				CLANG_WARN_DIRECT_OBJC_ISA_USAGE = YES_ERROR;
				CLANG_WARN_DOCUMENTATION_COMMENTS = YES;
				CLANG_WARN_EMPTY_BODY = YES;
				CLANG_WARN_ENUM_CONVERSION = YES;
				CLANG_WARN_INFINITE_RECURSION = YES;
				CLANG_WARN_INT_CONVERSION = YES;
				CLANG_WARN_NON_LITERAL_NULL_CONVERSION = YES;
				CLANG_WARN_OBJC_LITERAL_CONVERSION = YES;
				CLANG_WARN_OBJC_ROOT_CLASS = YES_ERROR;
				CLANG_WARN_RANGE_LOOP_ANALYSIS = YES;
				CLANG_WARN_STRICT_PROTOTYPES = YES;
				CLANG_WARN_SUSPICIOUS_MOVE = YES;
				CLANG_WARN_UNGUARDED_AVAILABILITY = YES_AGGRESSIVE;
				CLANG_WARN_UNREACHABLE_CODE = YES;
				CLANG_WARN__DUPLICATE_METHOD_MATCH = YES;
				CODE_SIGN_IDENTITY = "iPhone Developer";
				COPY_PHASE_STRIP = NO;
				DEBUG_INFORMATION_FORMAT = dwarf;
				ENABLE_STRICT_OBJC_MSGSEND = YES;
				ENABLE_TESTABILITY = YES;
				GCC_C_LANGUAGE_STANDARD = gnu11;
				GCC_DYNAMIC_NO_PIC = NO;
				GCC_NO_COMMON_BLOCKS = YES;
				GCC_OPTIMIZATION_LEVEL = 0;
				GCC_PREPROCESSOR_DEFINITIONS = (
					"DEBUG=1",
					"$(inherited)",
				);
				GCC_WARN_64_TO_32_BIT_CONVERSION = YES;
				GCC_WARN_ABOUT_RETURN_TYPE = YES_ERROR;
				GCC_WARN_UNDECLARED_SELECTOR = YES;
				GCC_WARN_UNINITIALIZED_AUTOS = YES_AGGRESSIVE;
				GCC_WARN_UNUSED_FUNCTION = YES;
				GCC_WARN_UNUSED_VARIABLE = YES;
				IPHONEOS_DEPLOYMENT_TARGET = 11.1;
				MTL_ENABLE_DEBUG_INFO = YES;
				ONLY_ACTIVE_ARCH = YES;
				SDKROOT = iphoneos;
				SWIFT_ACTIVE_COMPILATION_CONDITIONS = DEBUG;
				SWIFT_OPTIMIZATION_LEVEL = "-Onone";
			};
			name = Debug;
		};
		605EB4391FB7379600E38967 /* Release */ = {
			isa = XCBuildConfiguration;
			buildSettings = {
				ALWAYS_SEARCH_USER_PATHS = NO;
				CLANG_ANALYZER_NONNULL = YES;
				CLANG_ANALYZER_NUMBER_OBJECT_CONVERSION = YES_AGGRESSIVE;
				CLANG_CXX_LANGUAGE_STANDARD = "gnu++14";
				CLANG_CXX_LIBRARY = "libc++";
				CLANG_ENABLE_MODULES = YES;
				CLANG_ENABLE_OBJC_ARC = YES;
				CLANG_WARN_BLOCK_CAPTURE_AUTORELEASING = YES;
				CLANG_WARN_BOOL_CONVERSION = YES;
				CLANG_WARN_COMMA = YES;
				CLANG_WARN_CONSTANT_CONVERSION = YES;
				CLANG_WARN_DIRECT_OBJC_ISA_USAGE = YES_ERROR;
				CLANG_WARN_DOCUMENTATION_COMMENTS = YES;
				CLANG_WARN_EMPTY_BODY = YES;
				CLANG_WARN_ENUM_CONVERSION = YES;
				CLANG_WARN_INFINITE_RECURSION = YES;
				CLANG_WARN_INT_CONVERSION = YES;
				CLANG_WARN_NON_LITERAL_NULL_CONVERSION = YES;
				CLANG_WARN_OBJC_LITERAL_CONVERSION = YES;
				CLANG_WARN_OBJC_ROOT_CLASS = YES_ERROR;
				CLANG_WARN_RANGE_LOOP_ANALYSIS = YES;
				CLANG_WARN_STRICT_PROTOTYPES = YES;
				CLANG_WARN_SUSPICIOUS_MOVE = YES;
				CLANG_WARN_UNGUARDED_AVAILABILITY = YES_AGGRESSIVE;
				CLANG_WARN_UNREACHABLE_CODE = YES;
				CLANG_WARN__DUPLICATE_METHOD_MATCH = YES;
				CODE_SIGN_IDENTITY = "iPhone Developer";
				COPY_PHASE_STRIP = NO;
				DEBUG_INFORMATION_FORMAT = "dwarf-with-dsym";
				ENABLE_NS_ASSERTIONS = NO;
				ENABLE_STRICT_OBJC_MSGSEND = YES;
				GCC_C_LANGUAGE_STANDARD = gnu11;
				GCC_NO_COMMON_BLOCKS = YES;
				GCC_WARN_64_TO_32_BIT_CONVERSION = YES;
				GCC_WARN_ABOUT_RETURN_TYPE = YES_ERROR;
				GCC_WARN_UNDECLARED_SELECTOR = YES;
				GCC_WARN_UNINITIALIZED_AUTOS = YES_AGGRESSIVE;
				GCC_WARN_UNUSED_FUNCTION = YES;
				GCC_WARN_UNUSED_VARIABLE = YES;
				IPHONEOS_DEPLOYMENT_TARGET = 11.1;
				MTL_ENABLE_DEBUG_INFO = NO;
				SDKROOT = iphoneos;
				SWIFT_OPTIMIZATION_LEVEL = "-Owholemodule";
				VALIDATE_PRODUCT = YES;
			};
			name = Release;
		};
		605EB43B1FB7379600E38967 /* Debug */ = {
			isa = XCBuildConfiguration;
			baseConfigurationReference = AF34C25F25CD748A180A5963 /* Pods-HitchHkr.debug.xcconfig */;
			buildSettings = {
				ASSETCATALOG_COMPILER_APPICON_NAME = AppIcon;
				CODE_SIGN_STYLE = Automatic;
				DEVELOPMENT_TEAM = GDYU937CV9;
				INFOPLIST_FILE = HitchHkr/Info.plist;
				LD_RUNPATH_SEARCH_PATHS = "$(inherited) @executable_path/Frameworks";
				PRODUCT_BUNDLE_IDENTIFIER = com.shihiroshima.HitchHkr;
				PRODUCT_NAME = "$(TARGET_NAME)";
				SWIFT_VERSION = 4.0;
				TARGETED_DEVICE_FAMILY = "1,2";
			};
			name = Debug;
		};
		605EB43C1FB7379600E38967 /* Release */ = {
			isa = XCBuildConfiguration;
			baseConfigurationReference = 2F80E1D6F6623FD066592995 /* Pods-HitchHkr.release.xcconfig */;
			buildSettings = {
				ASSETCATALOG_COMPILER_APPICON_NAME = AppIcon;
				CODE_SIGN_STYLE = Automatic;
				DEVELOPMENT_TEAM = GDYU937CV9;
				INFOPLIST_FILE = HitchHkr/Info.plist;
				LD_RUNPATH_SEARCH_PATHS = "$(inherited) @executable_path/Frameworks";
				PRODUCT_BUNDLE_IDENTIFIER = com.shihiroshima.HitchHkr;
				PRODUCT_NAME = "$(TARGET_NAME)";
				SWIFT_VERSION = 4.0;
				TARGETED_DEVICE_FAMILY = "1,2";
			};
			name = Release;
		};
/* End XCBuildConfiguration section */

/* Begin XCConfigurationList section */
		605EB4231FB7379600E38967 /* Build configuration list for PBXProject "HitchHkr" */ = {
			isa = XCConfigurationList;
			buildConfigurations = (
				605EB4381FB7379600E38967 /* Debug */,
				605EB4391FB7379600E38967 /* Release */,
			);
			defaultConfigurationIsVisible = 0;
			defaultConfigurationName = Release;
		};
		605EB43A1FB7379600E38967 /* Build configuration list for PBXNativeTarget "HitchHkr" */ = {
			isa = XCConfigurationList;
			buildConfigurations = (
				605EB43B1FB7379600E38967 /* Debug */,
				605EB43C1FB7379600E38967 /* Release */,
			);
			defaultConfigurationIsVisible = 0;
			defaultConfigurationName = Release;
		};
/* End XCConfigurationList section */
	};
	rootObject = 605EB4201FB7379600E38967 /* Project object */;
}
